
Microsoft Visual Studio Solution File, Format Version 12.00
# Visual Studio Version 17
VisualStudioVersion = 17.4.33213.308
MinimumVisualStudioVersion = 10.0.40219.1
Project("{9A19103F-16F7-4668-BE54-9A1E7A4F7556}") = "AuthorizationServer", "AuthorizationServer\AuthorizationServer.csproj", "{3B6EE383-B81E-404F-9C1A-5FEC30DA9647}"
EndProject
Project("{FAE04EC0-301F-11D3-BF4B-00C04F79EFBC}") = "ResourceServer", "ResourceServer\ResourceServer.csproj", "{CF6278C9-F956-421C-9606-E27C5DA45286}"
EndProject
Global
	GlobalSection(SolutionConfigurationPlatforms) = preSolution
		Debug|Any CPU = Debug|Any CPU
		Release|Any CPU = Release|Any CPU
	EndGlobalSection
	GlobalSection(ProjectConfigurationPlatforms) = postSolution
		{3B6EE383-B81E-404F-9C1A-5FEC30DA9647}.Debug|Any CPU.ActiveCfg = Debug|Any CPU
		{3B6EE383-B81E-404F-9C1A-5FEC30DA9647}.Debug|Any CPU.Build.0 = Debug|Any CPU
		{3B6EE383-B81E-404F-9C1A-5FEC30DA9647}.Release|Any CPU.ActiveCfg = Release|Any CPU
		{3B6EE383-B81E-404F-9C1A-5FEC30DA9647}.Release|Any CPU.Build.0 = Release|Any CPU
		{CF6278C9-F956-421C-9606-E27C5DA45286}.Debug|Any CPU.ActiveCfg = Debug|Any CPU
		{CF6278C9-F956-421C-9606-E27C5DA45286}.Debug|Any CPU.Build.0 = Debug|Any CPU
		{CF6278C9-F956-421C-9606-E27C5DA45286}.Release|Any CPU.ActiveCfg = Release|Any CPU
		{CF6278C9-F956-421C-9606-E27C5DA45286}.Release|Any CPU.Build.0 = Release|Any CPU
	EndGlobalSection
	GlobalSection(SolutionProperties) = preSolution
		HideSolutionNode = FALSE
	EndGlobalSection
	GlobalSection(ExtensibilityGlobals) = postSolution
		SolutionGuid = {FE0A78E3-DE96-42EF-AF94-D55894D679DB}
	EndGlobalSection
EndGlobal
